
Microsoft Visual Studio Solution File, Format Version 12.00
# Visual Studio Version 17
VisualStudioVersion = 17.7.34009.444
MinimumVisualStudioVersion = 10.0.40219.1
Project("{FAE04EC0-301F-11D3-BF4B-00C04F79EFBC}") = "Lab1Ex10won7", "Lab1Ex10won7\Lab1Ex10won7.csproj", "{DE147E6E-C5FE-4F54-99F7-474CC3AF942B}"
EndProject
Global
	GlobalSection(SolutionConfigurationPlatforms) = preSolution
		Debug|Any CPU = Debug|Any CPU
		Release|Any CPU = Release|Any CPU
	EndGlobalSection
	GlobalSection(ProjectConfigurationPlatforms) = postSolution
		{DE147E6E-C5FE-4F54-99F7-474CC3AF942B}.Debug|Any CPU.ActiveCfg = Debug|Any CPU
		{DE147E6E-C5FE-4F54-99F7-474CC3AF942B}.Debug|Any CPU.Build.0 = Debug|Any CPU
		{DE147E6E-C5FE-4F54-99F7-474CC3AF942B}.Release|Any CPU.ActiveCfg = Release|Any CPU
		{DE147E6E-C5FE-4F54-99F7-474CC3AF942B}.Release|Any CPU.Build.0 = Release|Any CPU
	EndGlobalSection
	GlobalSection(SolutionProperties) = preSolution
		HideSolutionNode = FALSE
	EndGlobalSection
	GlobalSection(ExtensibilityGlobals) = postSolution
		SolutionGuid = {A12DAEF8-8216-41FE-9CAB-621B81E55921}
	EndGlobalSection
EndGlobal
